
Microsoft Visual Studio Solution File, Format Version 12.00
# Visual Studio Version 17
VisualStudioVersion = 17.7.34031.279
MinimumVisualStudioVersion = 10.0.40219.1
Project("{9A19103F-16F7-4668-BE54-9A1E7A4F7556}") = "Class-Instance-Field-Property", "PatikaDev-csharp-projects\Class-Instance-Field-Property.csproj", "{192929EA-7CFC-42E7-9482-1CEA856F7752}"
EndProject
Project("{FAE04EC0-301F-11D3-BF4B-00C04F79EFBC}") = "Access_Modifiers_Constructor", "Access_Modifiers_Constructor\Access_Modifiers_Constructor.csproj", "{6327E27C-2BE0-42C2-A9C1-E70BBF8A185F}"
EndProject
Global
	GlobalSection(SolutionConfigurationPlatforms) = preSolution
		Debug|Any CPU = Debug|Any CPU
		Release|Any CPU = Release|Any CPU
	EndGlobalSection
	GlobalSection(ProjectConfigurationPlatforms) = postSolution
		{192929EA-7CFC-42E7-9482-1CEA856F7752}.Debug|Any CPU.ActiveCfg = Debug|Any CPU
		{192929EA-7CFC-42E7-9482-1CEA856F7752}.Debug|Any CPU.Build.0 = Debug|Any CPU
		{192929EA-7CFC-42E7-9482-1CEA856F7752}.Release|Any CPU.ActiveCfg = Release|Any CPU
		{192929EA-7CFC-42E7-9482-1CEA856F7752}.Release|Any CPU.Build.0 = Release|Any CPU
		{6327E27C-2BE0-42C2-A9C1-E70BBF8A185F}.Debug|Any CPU.ActiveCfg = Debug|Any CPU
		{6327E27C-2BE0-42C2-A9C1-E70BBF8A185F}.Debug|Any CPU.Build.0 = Debug|Any CPU
		{6327E27C-2BE0-42C2-A9C1-E70BBF8A185F}.Release|Any CPU.ActiveCfg = Release|Any CPU
		{6327E27C-2BE0-42C2-A9C1-E70BBF8A185F}.Release|Any CPU.Build.0 = Release|Any CPU
	EndGlobalSection
	GlobalSection(SolutionProperties) = preSolution
		HideSolutionNode = FALSE
	EndGlobalSection
	GlobalSection(ExtensibilityGlobals) = postSolution
		SolutionGuid = {F95E2CA7-AF39-41AF-868D-50662107EABB}
	EndGlobalSection
EndGlobal
